// !$*UTF8*$!
{
	archiveVersion = 1;
	classes = {
	};
	objectVersion = 46;
	objects = {

/* Begin PBXBuildFile section */
		DBA67BD01DF1179A0007BFBF /* main.m in Sources */ = {isa = PBXBuildFile; fileRef = DBA67BCF1DF1179A0007BFBF /* main.m */; };
		DBA67BD31DF1179A0007BFBF /* AppDelegate.m in Sources */ = {isa = PBXBuildFile; fileRef = DBA67BD21DF1179A0007BFBF /* AppDelegate.m */; };
		DBA67BDB1DF1179A0007BFBF /* Assets.xcassets in Resources */ = {isa = PBXBuildFile; fileRef = DBA67BDA1DF1179A0007BFBF /* Assets.xcassets */; };
		DBA67BDE1DF1179A0007BFBF /* LaunchScreen.storyboard in Resources */ = {isa = PBXBuildFile; fileRef = DBA67BDC1DF1179A0007BFBF /* LaunchScreen.storyboard */; };
		DBA67C111DF11C390007BFBF /* libA_Unit.a in Frameworks */ = {isa = PBXBuildFile; fileRef = DBA67C101DF11C390007BFBF /* libA_Unit.a */; };
		DBA67C131DF11C3C0007BFBF /* libB_Unit.a in Frameworks */ = {isa = PBXBuildFile; fileRef = DBA67C121DF11C3C0007BFBF /* libB_Unit.a */; };
		DBB35C7D1DF1781200430186 /* WSFoundation.framework in Frameworks */ = {isa = PBXBuildFile; fileRef = DBB35C7C1DF1781200430186 /* WSFoundation.framework */; };
		DBB35C7F1DF1781500430186 /* WSKit.framework in Frameworks */ = {isa = PBXBuildFile; fileRef = DBB35C7E1DF1781500430186 /* WSKit.framework */; };
		DBB35C831DF179AE00430186 /* MainRoute.m in Sources */ = {isa = PBXBuildFile; fileRef = DBB35C821DF179AE00430186 /* MainRoute.m */; };
/* End PBXBuildFile section */

/* Begin PBXFileReference section */
		DBA67BCB1DF1179A0007BFBF /* Main.app */ = {isa = PBXFileReference; explicitFileType = wrapper.application; includeInIndex = 0; path = Main.app; sourceTree = BUILT_PRODUCTS_DIR; };
		DBA67BCF1DF1179A0007BFBF /* main.m */ = {isa = PBXFileReference; lastKnownFileType = sourcecode.c.objc; path = main.m; sourceTree = "<group>"; };
		DBA67BD11DF1179A0007BFBF /* AppDelegate.h */ = {isa = PBXFileReference; lastKnownFileType = sourcecode.c.h; path = AppDelegate.h; sourceTree = "<group>"; };
		DBA67BD21DF1179A0007BFBF /* AppDelegate.m */ = {isa = PBXFileReference; lastKnownFileType = sourcecode.c.objc; path = AppDelegate.m; sourceTree = "<group>"; };
		DBA67BDA1DF1179A0007BFBF /* Assets.xcassets */ = {isa = PBXFileReference; lastKnownFileType = folder.assetcatalog; path = Assets.xcassets; sourceTree = "<group>"; };
		DBA67BDD1DF1179A0007BFBF /* Base */ = {isa = PBXFileReference; lastKnownFileType = file.storyboard; name = Base; path = Base.lproj/LaunchScreen.storyboard; sourceTree = "<group>"; };
		DBA67BDF1DF1179A0007BFBF /* Info.plist */ = {isa = PBXFileReference; lastKnownFileType = text.plist.xml; path = Info.plist; sourceTree = "<group>"; };
		DBA67C101DF11C390007BFBF /* libA_Unit.a */ = {isa = PBXFileReference; lastKnownFileType = archive.ar; name = libA_Unit.a; path = "../A_Unit/build/Debug-iphoneos/libA_Unit.a"; sourceTree = "<group>"; };
		DBA67C121DF11C3C0007BFBF /* libB_Unit.a */ = {isa = PBXFileReference; lastKnownFileType = archive.ar; name = libB_Unit.a; path = "../B_Unit/build/Debug-iphoneos/libB_Unit.a"; sourceTree = "<group>"; };
		DBB35C1D1DF16B9D00430186 /* libMainRoute.a */ = {isa = PBXFileReference; lastKnownFileType = archive.ar; name = libMainRoute.a; path = "../../../Library/Developer/Xcode/DerivedData/WSXDemo-fewhmqdgxovsllfyjaxozcenxdby/Build/Products/Debug-iphonesimulator/libMainRoute.a"; sourceTree = "<group>"; };
		DBB35C7C1DF1781200430186 /* WSFoundation.framework */ = {isa = PBXFileReference; lastKnownFileType = wrapper.framework; name = WSFoundation.framework; path = "../WSFoundation/build/Debug-iphoneos/WSFoundation.framework"; sourceTree = "<group>"; };
		DBB35C7E1DF1781500430186 /* WSKit.framework */ = {isa = PBXFileReference; lastKnownFileType = wrapper.framework; name = WSKit.framework; path = "../WSKit/build/Debug-iphoneos/WSKit.framework"; sourceTree = "<group>"; };
		DBB35C811DF179AE00430186 /* MainRoute.h */ = {isa = PBXFileReference; fileEncoding = 4; lastKnownFileType = sourcecode.c.h; path = MainRoute.h; sourceTree = "<group>"; };
		DBB35C821DF179AE00430186 /* MainRoute.m */ = {isa = PBXFileReference; fileEncoding = 4; lastKnownFileType = sourcecode.c.objc; path = MainRoute.m; sourceTree = "<group>"; };
/* End PBXFileReference section */

/* Begin PBXFrameworksBuildPhase section */
		DBA67BC81DF1179A0007BFBF /* Frameworks */ = {
			isa = PBXFrameworksBuildPhase;
			buildActionMask = 2147483647;
			files = (
				DBB35C7F1DF1781500430186 /* WSKit.framework in Frameworks */,
				DBB35C7D1DF1781200430186 /* WSFoundation.framework in Frameworks */,
				DBA67C131DF11C3C0007BFBF /* libB_Unit.a in Frameworks */,
				DBA67C111DF11C390007BFBF /* libA_Unit.a in Frameworks */,
			);
			runOnlyForDeploymentPostprocessing = 0;
		};
/* End PBXFrameworksBuildPhase section */

/* Begin PBXGroup section */
		DBA67BC21DF117990007BFBF = {
			isa = PBXGroup;
			children = (
				DBA67BCD1DF1179A0007BFBF /* Main */,
				DBA67BCC1DF1179A0007BFBF /* Products */,
				DBA67C0F1DF11C390007BFBF /* Frameworks */,
			);
			sourceTree = "<group>";
		};
		DBA67BCC1DF1179A0007BFBF /* Products */ = {
			isa = PBXGroup;
			children = (
				DBA67BCB1DF1179A0007BFBF /* Main.app */,
			);
			name = Products;
			sourceTree = "<group>";
		};
		DBA67BCD1DF1179A0007BFBF /* Main */ = {
			isa = PBXGroup;
			children = (
				DBB35C801DF1799B00430186 /* MainRoute */,
				DBA67BD11DF1179A0007BFBF /* AppDelegate.h */,
				DBA67BD21DF1179A0007BFBF /* AppDelegate.m */,
				DBA67BDA1DF1179A0007BFBF /* Assets.xcassets */,
				DBA67BDC1DF1179A0007BFBF /* LaunchScreen.storyboard */,
				DBA67BDF1DF1179A0007BFBF /* Info.plist */,
				DBA67BCE1DF1179A0007BFBF /* Supporting Files */,
			);
			path = Main;
			sourceTree = "<group>";
		};
		DBA67BCE1DF1179A0007BFBF /* Supporting Files */ = {
			isa = PBXGroup;
			children = (
				DBA67BCF1DF1179A0007BFBF /* main.m */,
			);
			name = "Supporting Files";
			sourceTree = "<group>";
		};
		DBA67C0F1DF11C390007BFBF /* Frameworks */ = {
			isa = PBXGroup;
			children = (
				DBB35C7E1DF1781500430186 /* WSKit.framework */,
				DBB35C7C1DF1781200430186 /* WSFoundation.framework */,
				DBB35C1D1DF16B9D00430186 /* libMainRoute.a */,
				DBA67C121DF11C3C0007BFBF /* libB_Unit.a */,
				DBA67C101DF11C390007BFBF /* libA_Unit.a */,
			);
			name = Frameworks;
			sourceTree = "<group>";
		};
		DBB35C801DF1799B00430186 /* MainRoute */ = {
			isa = PBXGroup;
			children = (
				DBB35C811DF179AE00430186 /* MainRoute.h */,
				DBB35C821DF179AE00430186 /* MainRoute.m */,
			);
			path = MainRoute;
			sourceTree = "<group>";
		};
/* End PBXGroup section */

/* Begin PBXNativeTarget section */
		DBA67BCA1DF1179A0007BFBF /* Main */ = {
			isa = PBXNativeTarget;
			buildConfigurationList = DBA67BE21DF1179A0007BFBF /* Build configuration list for PBXNativeTarget "Main" */;
			buildPhases = (
				DBA67BC71DF1179A0007BFBF /* Sources */,
				DBA67BC81DF1179A0007BFBF /* Frameworks */,
				DBA67BC91DF1179A0007BFBF /* Resources */,
			);
			buildRules = (
			);
			dependencies = (
			);
			name = Main;
			productName = Main;
			productReference = DBA67BCB1DF1179A0007BFBF /* Main.app */;
			productType = "com.apple.product-type.application";
		};
/* End PBXNativeTarget section */

/* Begin PBXProject section */
		DBA67BC31DF117990007BFBF /* Project object */ = {
			isa = PBXProject;
			attributes = {
				LastUpgradeCheck = 0810;
				ORGANIZATIONNAME = LP_Macmini;
				TargetAttributes = {
					DBA67BCA1DF1179A0007BFBF = {
						CreatedOnToolsVersion = 8.1;
						ProvisioningStyle = Automatic;
					};
				};
			};
			buildConfigurationList = DBA67BC61DF117990007BFBF /* Build configuration list for PBXProject "Main" */;
			compatibilityVersion = "Xcode 3.2";
			developmentRegion = English;
			hasScannedForEncodings = 0;
			knownRegions = (
				en,
				Base,
			);
			mainGroup = DBA67BC21DF117990007BFBF;
			productRefGroup = DBA67BCC1DF1179A0007BFBF /* Products */;
			projectDirPath = "";
			projectRoot = "";
			targets = (
				DBA67BCA1DF1179A0007BFBF /* Main */,
			);
		};
/* End PBXProject section */

/* Begin PBXResourcesBuildPhase section */
		DBA67BC91DF1179A0007BFBF /* Resources */ = {
			isa = PBXResourcesBuildPhase;
			buildActionMask = 2147483647;
			files = (
				DBA67BDE1DF1179A0007BFBF /* LaunchScreen.storyboard in Resources */,
				DBA67BDB1DF1179A0007BFBF /* Assets.xcassets in Resources */,
			);
			runOnlyForDeploymentPostprocessing = 0;
		};
/* End PBXResourcesBuildPhase section */

/* Begin PBXSourcesBuildPhase section */
		DBA67BC71DF1179A0007BFBF /* Sources */ = {
			isa = PBXSourcesBuildPhase;
			buildActionMask = 2147483647;
			files = (
				DBA67BD31DF1179A0007BFBF /* AppDelegate.m in Sources */,
				DBA67BD01DF1179A0007BFBF /* main.m in Sources */,
				DBB35C831DF179AE00430186 /* MainRoute.m in Sources */,
			);
			runOnlyForDeploymentPostprocessing = 0;
		};
/* End PBXSourcesBuildPhase section */

/* Begin PBXVariantGroup section */
		DBA67BDC1DF1179A0007BFBF /* LaunchScreen.storyboard */ = {
			isa = PBXVariantGroup;
			children = (
				DBA67BDD1DF1179A0007BFBF /* Base */,
			);
			name = LaunchScreen.storyboard;
			sourceTree = "<group>";
		};
/* End PBXVariantGroup section */

/* Begin XCBuildConfiguration section */
		DBA67BE01DF1179A0007BFBF /* Debug */ = {
			isa = XCBuildConfiguration;
			buildSettings = {
				ALWAYS_SEARCH_USER_PATHS = NO;
				CLANG_ANALYZER_NONNULL = YES;
				CLANG_CXX_LANGUAGE_STANDARD = "gnu++0x";
				CLANG_CXX_LIBRARY = "libc++";
				CLANG_ENABLE_MODULES = YES;
				CLANG_ENABLE_OBJC_ARC = YES;
				CLANG_WARN_BOOL_CONVERSION = YES;
				CLANG_WARN_CONSTANT_CONVERSION = YES;
				CLANG_WARN_DIRECT_OBJC_ISA_USAGE = YES_ERROR;
				CLANG_WARN_DOCUMENTATION_COMMENTS = YES;
				CLANG_WARN_EMPTY_BODY = YES;
				CLANG_WARN_ENUM_CONVERSION = YES;
				CLANG_WARN_INFINITE_RECURSION = YES;
				CLANG_WARN_INT_CONVERSION = YES;
				CLANG_WARN_OBJC_ROOT_CLASS = YES_ERROR;
				CLANG_WARN_SUSPICIOUS_MOVES = YES;
				CLANG_WARN_UNREACHABLE_CODE = YES;
				CLANG_WARN__DUPLICATE_METHOD_MATCH = YES;
				"CODE_SIGN_IDENTITY[sdk=iphoneos*]" = "iPhone Developer";
				COPY_PHASE_STRIP = NO;
				DEBUG_INFORMATION_FORMAT = dwarf;
				ENABLE_STRICT_OBJC_MSGSEND = YES;
				ENABLE_TESTABILITY = YES;
				GCC_C_LANGUAGE_STANDARD = gnu99;
				GCC_DYNAMIC_NO_PIC = NO;
				GCC_NO_COMMON_BLOCKS = YES;
				GCC_OPTIMIZATION_LEVEL = 0;
				GCC_PREPROCESSOR_DEFINITIONS = (
					"DEBUG=1",
					"$(inherited)",
				);
				GCC_WARN_64_TO_32_BIT_CONVERSION = YES;
				GCC_WARN_ABOUT_RETURN_TYPE = YES_ERROR;
				GCC_WARN_UNDECLARED_SELECTOR = YES;
				GCC_WARN_UNINITIALIZED_AUTOS = YES_AGGRESSIVE;
				GCC_WARN_UNUSED_FUNCTION = YES;
				GCC_WARN_UNUSED_VARIABLE = YES;
				IPHONEOS_DEPLOYMENT_TARGET = 10.1;
				MTL_ENABLE_DEBUG_INFO = YES;
				ONLY_ACTIVE_ARCH = YES;
				SDKROOT = iphoneos;
				TARGETED_DEVICE_FAMILY = "1,2";
			};
			name = Debug;
		};
		DBA67BE11DF1179A0007BFBF /* Release */ = {
			isa = XCBuildConfiguration;
			buildSettings = {
				ALWAYS_SEARCH_USER_PATHS = NO;
				CLANG_ANALYZER_NONNULL = YES;
				CLANG_CXX_LANGUAGE_STANDARD = "gnu++0x";
				CLANG_CXX_LIBRARY = "libc++";
				CLANG_ENABLE_MODULES = YES;
				CLANG_ENABLE_OBJC_ARC = YES;
				CLANG_WARN_BOOL_CONVERSION = YES;
				CLANG_WARN_CONSTANT_CONVERSION = YES;
				CLANG_WARN_DIRECT_OBJC_ISA_USAGE = YES_ERROR;
				CLANG_WARN_DOCUMENTATION_COMMENTS = YES;
				CLANG_WARN_EMPTY_BODY = YES;
				CLANG_WARN_ENUM_CONVERSION = YES;
				CLANG_WARN_INFINITE_RECURSION = YES;
				CLANG_WARN_INT_CONVERSION = YES;
				CLANG_WARN_OBJC_ROOT_CLASS = YES_ERROR;
				CLANG_WARN_SUSPICIOUS_MOVES = YES;
				CLANG_WARN_UNREACHABLE_CODE = YES;
				CLANG_WARN__DUPLICATE_METHOD_MATCH = YES;
				"CODE_SIGN_IDENTITY[sdk=iphoneos*]" = "iPhone Developer";
				COPY_PHASE_STRIP = NO;
				DEBUG_INFORMATION_FORMAT = "dwarf-with-dsym";
				ENABLE_NS_ASSERTIONS = NO;
				ENABLE_STRICT_OBJC_MSGSEND = YES;
				GCC_C_LANGUAGE_STANDARD = gnu99;
				GCC_NO_COMMON_BLOCKS = YES;
				GCC_WARN_64_TO_32_BIT_CONVERSION = YES;
				GCC_WARN_ABOUT_RETURN_TYPE = YES_ERROR;
				GCC_WARN_UNDECLARED_SELECTOR = YES;
				GCC_WARN_UNINITIALIZED_AUTOS = YES_AGGRESSIVE;
				GCC_WARN_UNUSED_FUNCTION = YES;
				GCC_WARN_UNUSED_VARIABLE = YES;
				IPHONEOS_DEPLOYMENT_TARGET = 10.1;
				MTL_ENABLE_DEBUG_INFO = NO;
				SDKROOT = iphoneos;
				TARGETED_DEVICE_FAMILY = "1,2";
				VALIDATE_PRODUCT = YES;
			};
			name = Release;
		};
		DBA67BE31DF1179A0007BFBF /* Debug */ = {
			isa = XCBuildConfiguration;
			buildSettings = {
				ASSETCATALOG_COMPILER_APPICON_NAME = AppIcon;
				HEADER_SEARCH_PATHS = (
					"$(SRCROOT)/../A_Unit/**",
					"$(SRCROOT)/../B_Unit/**",
					"$(SRCROOT)/../WSKit/**",
					"$(SRCROOT)/../WSFoundation/**",
				);
				INFOPLIST_FILE = Main/Info.plist;
				LD_RUNPATH_SEARCH_PATHS = "$(inherited) @executable_path/Frameworks";
				PRODUCT_BUNDLE_IDENTIFIER = LP.Main;
				PRODUCT_NAME = "$(TARGET_NAME)";
			};
			name = Debug;
		};
		DBA67BE41DF1179A0007BFBF /* Release */ = {
			isa = XCBuildConfiguration;
			buildSettings = {
				ASSETCATALOG_COMPILER_APPICON_NAME = AppIcon;
				HEADER_SEARCH_PATHS = (
					"$(SRCROOT)/../A_Unit/**",
					"$(SRCROOT)/../B_Unit/**",
					"$(SRCROOT)/../WSKit/**",
					"$(SRCROOT)/../WSFoundation/**",
				);
				INFOPLIST_FILE = Main/Info.plist;
				LD_RUNPATH_SEARCH_PATHS = "$(inherited) @executable_path/Frameworks";
				PRODUCT_BUNDLE_IDENTIFIER = LP.Main;
				PRODUCT_NAME = "$(TARGET_NAME)";
			};
			name = Release;
		};
/* End XCBuildConfiguration section */

/* Begin XCConfigurationList section */
		DBA67BC61DF117990007BFBF /* Build configuration list for PBXProject "Main" */ = {
			isa = XCConfigurationList;
			buildConfigurations = (
				DBA67BE01DF1179A0007BFBF /* Debug */,
				DBA67BE11DF1179A0007BFBF /* Release */,
			);
			defaultConfigurationIsVisible = 0;
			defaultConfigurationName = Release;
		};
		DBA67BE21DF1179A0007BFBF /* Build configuration list for PBXNativeTarget "Main" */ = {
			isa = XCConfigurationList;
			buildConfigurations = (
				DBA67BE31DF1179A0007BFBF /* Debug */,
				DBA67BE41DF1179A0007BFBF /* Release */,
			);
			defaultConfigurationIsVisible = 0;
			defaultConfigurationName = Release;
		};
/* End XCConfigurationList section */
	};
	rootObject = DBA67BC31DF117990007BFBF /* Project object */;
}
